
Microsoft Visual Studio Solution File, Format Version 12.00
# Visual Studio 15
VisualStudioVersion = 15.0.27130.2003
MinimumVisualStudioVersion = 10.0.40219.1
Project("{FAE04EC0-301F-11D3-BF4B-00C04F79EFBC}") = "WindowsFormsProgramming", "WindowsFormsProgramming\WindowsFormsProgramming.csproj", "{88D30E53-443D-4818-9E5D-032093BA152F}"
EndProject
Project("{FAE04EC0-301F-11D3-BF4B-00C04F79EFBC}") = "Extensions.PhotoAlbum", "Extensions.PhotoAlbum\Extensions.PhotoAlbum.csproj", "{6AFE560A-552C-4749-B590-EEFDABCF7DA5}"
EndProject
Global
	GlobalSection(SolutionConfigurationPlatforms) = preSolution
		Debug|Any CPU = Debug|Any CPU
		Release|Any CPU = Release|Any CPU
	EndGlobalSection
	GlobalSection(ProjectConfigurationPlatforms) = postSolution
		{88D30E53-443D-4818-9E5D-032093BA152F}.Debug|Any CPU.ActiveCfg = Debug|Any CPU
		{88D30E53-443D-4818-9E5D-032093BA152F}.Debug|Any CPU.Build.0 = Debug|Any CPU
		{88D30E53-443D-4818-9E5D-032093BA152F}.Release|Any CPU.ActiveCfg = Release|Any CPU
		{88D30E53-443D-4818-9E5D-032093BA152F}.Release|Any CPU.Build.0 = Release|Any CPU
		{6AFE560A-552C-4749-B590-EEFDABCF7DA5}.Debug|Any CPU.ActiveCfg = Debug|Any CPU
		{6AFE560A-552C-4749-B590-EEFDABCF7DA5}.Debug|Any CPU.Build.0 = Debug|Any CPU
		{6AFE560A-552C-4749-B590-EEFDABCF7DA5}.Release|Any CPU.ActiveCfg = Release|Any CPU
		{6AFE560A-552C-4749-B590-EEFDABCF7DA5}.Release|Any CPU.Build.0 = Release|Any CPU
	EndGlobalSection
	GlobalSection(SolutionProperties) = preSolution
		HideSolutionNode = FALSE
	EndGlobalSection
	GlobalSection(ExtensibilityGlobals) = postSolution
		SolutionGuid = {941E8DF9-7EA8-4F9F-926B-67220FAD2582}
	EndGlobalSection
EndGlobal
